
Microsoft Visual Studio Solution File, Format Version 12.00
# Visual Studio 15
Project("{FAE04EC0-301F-11D3-BF4B-00C04F79EFBC}") = "Assembly-CSharp", "Assembly-CSharp.csproj", "{D660E17A-BC40-C7F1-1441-4210344C55CF}"
EndProject
Global
	GlobalSection(SolutionConfigurationPlatforms) = preSolution
		Debug|Any CPU = Debug|Any CPU
		Release|Any CPU = Release|Any CPU
	EndGlobalSection
	GlobalSection(ProjectConfigurationPlatforms) = postSolution
		{D660E17A-BC40-C7F1-1441-4210344C55CF}.Debug|Any CPU.ActiveCfg = Debug|Any CPU
		{D660E17A-BC40-C7F1-1441-4210344C55CF}.Debug|Any CPU.Build.0 = Debug|Any CPU
		{D660E17A-BC40-C7F1-1441-4210344C55CF}.Release|Any CPU.ActiveCfg = Release|Any CPU
		{D660E17A-BC40-C7F1-1441-4210344C55CF}.Release|Any CPU.Build.0 = Release|Any CPU
	EndGlobalSection
	GlobalSection(SolutionProperties) = preSolution
		HideSolutionNode = FALSE
	EndGlobalSection
EndGlobal
